
Microsoft Visual Studio Solution File, Format Version 11.00
# Visual Studio 2010
Project("{FAE04EC0-301F-11D3-BF4B-00C04F79EFBC}") = "NetDataContractDeepCopy", "NetDataContractDeepCopy\NetDataContractDeepCopy.csproj", "{69B1C5B3-B2A0-410A-9969-C27E86DCA27D}"
EndProject
Global
	GlobalSection(SolutionConfigurationPlatforms) = preSolution
		Debug|x86 = Debug|x86
		Release|x86 = Release|x86
	EndGlobalSection
	GlobalSection(ProjectConfigurationPlatforms) = postSolution
		{69B1C5B3-B2A0-410A-9969-C27E86DCA27D}.Debug|x86.ActiveCfg = Debug|x86
		{69B1C5B3-B2A0-410A-9969-C27E86DCA27D}.Debug|x86.Build.0 = Debug|x86
		{69B1C5B3-B2A0-410A-9969-C27E86DCA27D}.Release|x86.ActiveCfg = Release|x86
		{69B1C5B3-B2A0-410A-9969-C27E86DCA27D}.Release|x86.Build.0 = Release|x86
	EndGlobalSection
	GlobalSection(SolutionProperties) = preSolution
		HideSolutionNode = FALSE
	EndGlobalSection
EndGlobal
